
Microsoft Visual Studio Solution File, Format Version 12.00
# Visual Studio Version 16
VisualStudioVersion = 16.0.31613.86
MinimumVisualStudioVersion = 10.0.40219.1
Project("{FAE04EC0-301F-11D3-BF4B-00C04F79EFBC}") = "Todo.Common", "Todo.Common\Todo.Common.csproj", "{731832CF-84A2-432B-A798-51215980A390}"
EndProject
Project("{FAE04EC0-301F-11D3-BF4B-00C04F79EFBC}") = "Todo.Functions", "Todo.Functions\Todo.Functions.csproj", "{31F88349-E644-4193-8085-DE92D1574646}"
EndProject
Project("{FAE04EC0-301F-11D3-BF4B-00C04F79EFBC}") = "Todo.Test", "Todo.Test\Todo.Test.csproj", "{2B693FE1-7387-4881-BC9F-9A9B818CD6C4}"
EndProject
Global
	GlobalSection(SolutionConfigurationPlatforms) = preSolution
		Debug|Any CPU = Debug|Any CPU
		Release|Any CPU = Release|Any CPU
	EndGlobalSection
	GlobalSection(ProjectConfigurationPlatforms) = postSolution
		{731832CF-84A2-432B-A798-51215980A390}.Debug|Any CPU.ActiveCfg = Debug|Any CPU
		{731832CF-84A2-432B-A798-51215980A390}.Debug|Any CPU.Build.0 = Debug|Any CPU
		{731832CF-84A2-432B-A798-51215980A390}.Release|Any CPU.ActiveCfg = Release|Any CPU
		{731832CF-84A2-432B-A798-51215980A390}.Release|Any CPU.Build.0 = Release|Any CPU
		{31F88349-E644-4193-8085-DE92D1574646}.Debug|Any CPU.ActiveCfg = Debug|Any CPU
		{31F88349-E644-4193-8085-DE92D1574646}.Debug|Any CPU.Build.0 = Debug|Any CPU
		{31F88349-E644-4193-8085-DE92D1574646}.Release|Any CPU.ActiveCfg = Release|Any CPU
		{31F88349-E644-4193-8085-DE92D1574646}.Release|Any CPU.Build.0 = Release|Any CPU
		{2B693FE1-7387-4881-BC9F-9A9B818CD6C4}.Debug|Any CPU.ActiveCfg = Debug|Any CPU
		{2B693FE1-7387-4881-BC9F-9A9B818CD6C4}.Debug|Any CPU.Build.0 = Debug|Any CPU
		{2B693FE1-7387-4881-BC9F-9A9B818CD6C4}.Release|Any CPU.ActiveCfg = Release|Any CPU
		{2B693FE1-7387-4881-BC9F-9A9B818CD6C4}.Release|Any CPU.Build.0 = Release|Any CPU
	EndGlobalSection
	GlobalSection(SolutionProperties) = preSolution
		HideSolutionNode = FALSE
	EndGlobalSection
	GlobalSection(ExtensibilityGlobals) = postSolution
		SolutionGuid = {C1F55978-A1C3-4809-BE3D-EFB2763529A4}
	EndGlobalSection
EndGlobal
